
Microsoft Visual Studio Solution File, Format Version 12.00
# Visual Studio Version 17
VisualStudioVersion = 17.11.35208.52
MinimumVisualStudioVersion = 10.0.40219.1
Project("{FAE04EC0-301F-11D3-BF4B-00C04F79EFBC}") = "Schuub.HotelTransylvaniaAlarm", "Schuub.HotelTransylvaniaAlarm\Schuub.HotelTransylvaniaAlarm.csproj", "{EF9DC78E-9C01-42C1-B430-16E5A2FB5E8E}"
EndProject
Global
	GlobalSection(SolutionConfigurationPlatforms) = preSolution
		Debug|Any CPU = Debug|Any CPU
		Release|Any CPU = Release|Any CPU
	EndGlobalSection
	GlobalSection(ProjectConfigurationPlatforms) = postSolution
		{EF9DC78E-9C01-42C1-B430-16E5A2FB5E8E}.Debug|Any CPU.ActiveCfg = Debug|Any CPU
		{EF9DC78E-9C01-42C1-B430-16E5A2FB5E8E}.Debug|Any CPU.Build.0 = Debug|Any CPU
		{EF9DC78E-9C01-42C1-B430-16E5A2FB5E8E}.Release|Any CPU.ActiveCfg = Release|Any CPU
		{EF9DC78E-9C01-42C1-B430-16E5A2FB5E8E}.Release|Any CPU.Build.0 = Release|Any CPU
	EndGlobalSection
	GlobalSection(SolutionProperties) = preSolution
		HideSolutionNode = FALSE
	EndGlobalSection
	GlobalSection(ExtensibilityGlobals) = postSolution
		SolutionGuid = {AB69F9D4-FE0D-40C1-B5AB-FBC120DD4E64}
	EndGlobalSection
EndGlobal
